
Microsoft Visual Studio Solution File, Format Version 12.00
# Visual Studio Version 16
VisualStudioVersion = 16.0.29201.188
MinimumVisualStudioVersion = 10.0.40219.1
Project("{F184B08F-C81C-45F6-A57F-5ABD9991F28F}") = "LondonTubeTickets", "LondonTubeTickets\LondonTubeTickets.vbproj", "{BC5125C4-8E99-49FF-A1AE-52E75D5073CA}"
EndProject
Global
	GlobalSection(SolutionConfigurationPlatforms) = preSolution
		Debug|Any CPU = Debug|Any CPU
		Release|Any CPU = Release|Any CPU
	EndGlobalSection
	GlobalSection(ProjectConfigurationPlatforms) = postSolution
		{BC5125C4-8E99-49FF-A1AE-52E75D5073CA}.Debug|Any CPU.ActiveCfg = Debug|Any CPU
		{BC5125C4-8E99-49FF-A1AE-52E75D5073CA}.Debug|Any CPU.Build.0 = Debug|Any CPU
		{BC5125C4-8E99-49FF-A1AE-52E75D5073CA}.Release|Any CPU.ActiveCfg = Release|Any CPU
		{BC5125C4-8E99-49FF-A1AE-52E75D5073CA}.Release|Any CPU.Build.0 = Release|Any CPU
	EndGlobalSection
	GlobalSection(SolutionProperties) = preSolution
		HideSolutionNode = FALSE
	EndGlobalSection
	GlobalSection(ExtensibilityGlobals) = postSolution
		SolutionGuid = {0A702449-C114-4F88-9C54-E9C2DB9CBF49}
	EndGlobalSection
EndGlobal
